
Microsoft Visual Studio Solution File, Format Version 12.00
# Visual Studio 14
VisualStudioVersion = 14.0.25420.1
MinimumVisualStudioVersion = 10.0.40219.1
Project("{FAE04EC0-301F-11D3-BF4B-00C04F79EFBC}") = "DrawingModel", "DrawingModel\DrawingModel.csproj", "{E3592D6D-78DB-45B0-A945-5506A4C9859A}"
EndProject
Project("{FAE04EC0-301F-11D3-BF4B-00C04F79EFBC}") = "DrawingModelTests", "DrawingModelTests\DrawingModelTests.csproj", "{FFC5B86F-0972-4D01-AB00-120243AB5A19}"
EndProject
Global
	GlobalSection(SolutionConfigurationPlatforms) = preSolution
		Debug|Any CPU = Debug|Any CPU
		Release|Any CPU = Release|Any CPU
	EndGlobalSection
	GlobalSection(ProjectConfigurationPlatforms) = postSolution
		{E3592D6D-78DB-45B0-A945-5506A4C9859A}.Debug|Any CPU.ActiveCfg = Debug|Any CPU
		{E3592D6D-78DB-45B0-A945-5506A4C9859A}.Debug|Any CPU.Build.0 = Debug|Any CPU
		{E3592D6D-78DB-45B0-A945-5506A4C9859A}.Release|Any CPU.ActiveCfg = Release|Any CPU
		{E3592D6D-78DB-45B0-A945-5506A4C9859A}.Release|Any CPU.Build.0 = Release|Any CPU
		{FFC5B86F-0972-4D01-AB00-120243AB5A19}.Debug|Any CPU.ActiveCfg = Debug|Any CPU
		{FFC5B86F-0972-4D01-AB00-120243AB5A19}.Debug|Any CPU.Build.0 = Debug|Any CPU
		{FFC5B86F-0972-4D01-AB00-120243AB5A19}.Release|Any CPU.ActiveCfg = Release|Any CPU
		{FFC5B86F-0972-4D01-AB00-120243AB5A19}.Release|Any CPU.Build.0 = Release|Any CPU
	EndGlobalSection
	GlobalSection(SolutionProperties) = preSolution
		HideSolutionNode = FALSE
	EndGlobalSection
EndGlobal
